{
  "name": "open-soql-usage-example",
  "version": "0.0.0",
  "lockfileVersion": 1,
  "requires": true,
  "dependencies": {
    "fruitsconfits": {
      "version": "0.4.0",
      "resolved": "https://registry.npmjs.org/fruitsconfits/-/fruitsconfits-0.4.0.tgz",
      "integrity": "sha512-5Auld1RDmZ9YTHrWKKkQlGYiW+/oAz1eHRNPYdAbYUJdVI9ip2C5fs301ikEp/LzW33i4mIHzH/8XeG3EajSuw=="
    },
    "open-soql": {
      "version": "0.2.1",
      "resolved": "https://registry.npmjs.org/open-soql/-/open-soql-0.2.1.tgz",
      "integrity": "sha512-vGGlos3J04vJ4jpBjB7rlA6rsVdZgHF8s07lJBfEEJiSehxlmBbg136cCdqD4Dce5mwBdArLcxFV8qsOq4WhOQ==",
      "requires": {
        "fruitsconfits": "^0.4.0"
      }
    }
  }
}
