{
  "name": "open-soql-usage-example",
  "version": "0.0.0",
  "lockfileVersion": 1,
  "requires": true,
  "dependencies": {
    "fruitsconfits": {
      "version": "0.4.1",
      "resolved": "https://registry.npmjs.org/fruitsconfits/-/fruitsconfits-0.4.1.tgz",
      "integrity": "sha512-c5HGG0OmYTPNN5xHoZvHaja2y2QzGElXTCfq+dhVORi8/1+nPeQCOBwm5vP39mBm/1lr6j/b/engflAWFuwCMw=="
    },
    "open-soql": {
      "version": "0.5.1",
      "resolved": "https://registry.npmjs.org/open-soql/-/open-soql-0.5.1.tgz",
      "integrity": "sha512-ZssCxWQos/WzcHJdINLb9Eq09bgyAecdHt/hq1r4YvkbHTwR2pTT7L4dq5pfCThHgMNALeoMJLNpfLoREvsdMg==",
      "requires": {
        "fruitsconfits": "^0.4.1"
      }
    }
  }
}
