{
  "name": "my-soql-test",
  "version": "0.0.0",
  "lockfileVersion": 1,
  "requires": true,
  "dependencies": {
    "fruitsconfits": {
      "version": "0.4.0",
      "resolved": "https://registry.npmjs.org/fruitsconfits/-/fruitsconfits-0.4.0.tgz",
      "integrity": "sha512-5Auld1RDmZ9YTHrWKKkQlGYiW+/oAz1eHRNPYdAbYUJdVI9ip2C5fs301ikEp/LzW33i4mIHzH/8XeG3EajSuw=="
    },
    "open-soql": {
      "version": "0.1.1",
      "resolved": "https://registry.npmjs.org/open-soql/-/open-soql-0.1.1.tgz",
      "integrity": "sha512-O8lffLLCSF5tO0akXs8CCN/ASVihtzI9tiW91X7JTy8NYTgwaJM2WkDp+ktW40dc+UEJ9ytALmHewsv8lzYyDw==",
      "requires": {
        "fruitsconfits": "^0.4.0"
      }
    }
  }
}
